
Microsoft Visual Studio Solution File, Format Version 12.00
# Visual Studio Version 16
VisualStudioVersion = 16.0.31005.135
MinimumVisualStudioVersion = 10.0.40219.1
Project("{9A19103F-16F7-4668-BE54-9A1E7A4F7556}") = "KodlamaioHomeworks", "KodlamaioHomeworks\KodlamaioHomeworks.csproj", "{0149E478-0C7B-4975-9135-1682E931783D}"
EndProject
Project("{9A19103F-16F7-4668-BE54-9A1E7A4F7556}") = "Methods", "Methods\Methods.csproj", "{2280DA4B-990D-4966-8E0D-4873C28B43AD}"
EndProject
Project("{9A19103F-16F7-4668-BE54-9A1E7A4F7556}") = "ClassMetotDemo", "ClassMetotDemo\ClassMetotDemo.csproj", "{63FB893E-8EB9-4D4F-9B2E-C11EE7A51AB9}"
EndProject
Project("{9A19103F-16F7-4668-BE54-9A1E7A4F7556}") = "ReferanceTypes", "ReferanceTypes\ReferanceTypes.csproj", "{1F322103-BBB0-46F4-85B0-B9C7A8545719}"
EndProject
Project("{9A19103F-16F7-4668-BE54-9A1E7A4F7556}") = "Constructors", "Constructors\Constructors.csproj", "{FEFAD920-CCF8-4778-A6EA-18DF78EC7744}"
EndProject
Project("{9A19103F-16F7-4668-BE54-9A1E7A4F7556}") = "Generics", "Generics\Generics.csproj", "{73D7DB8D-0C9B-4B5F-AD56-2C91D349CE27}"
EndProject
Project("{FAE04EC0-301F-11D3-BF4B-00C04F79EFBC}") = "DictionaryKavrami", "DictionaryKavrami\DictionaryKavrami.csproj", "{D197713A-5660-4E54-9B82-FD646AC941BB}"
EndProject
Global
	GlobalSection(SolutionConfigurationPlatforms) = preSolution
		Debug|Any CPU = Debug|Any CPU
		Release|Any CPU = Release|Any CPU
	EndGlobalSection
	GlobalSection(ProjectConfigurationPlatforms) = postSolution
		{0149E478-0C7B-4975-9135-1682E931783D}.Debug|Any CPU.ActiveCfg = Debug|Any CPU
		{0149E478-0C7B-4975-9135-1682E931783D}.Debug|Any CPU.Build.0 = Debug|Any CPU
		{0149E478-0C7B-4975-9135-1682E931783D}.Release|Any CPU.ActiveCfg = Release|Any CPU
		{0149E478-0C7B-4975-9135-1682E931783D}.Release|Any CPU.Build.0 = Release|Any CPU
		{2280DA4B-990D-4966-8E0D-4873C28B43AD}.Debug|Any CPU.ActiveCfg = Debug|Any CPU
		{2280DA4B-990D-4966-8E0D-4873C28B43AD}.Debug|Any CPU.Build.0 = Debug|Any CPU
		{2280DA4B-990D-4966-8E0D-4873C28B43AD}.Release|Any CPU.ActiveCfg = Release|Any CPU
		{2280DA4B-990D-4966-8E0D-4873C28B43AD}.Release|Any CPU.Build.0 = Release|Any CPU
		{63FB893E-8EB9-4D4F-9B2E-C11EE7A51AB9}.Debug|Any CPU.ActiveCfg = Debug|Any CPU
		{63FB893E-8EB9-4D4F-9B2E-C11EE7A51AB9}.Debug|Any CPU.Build.0 = Debug|Any CPU
		{63FB893E-8EB9-4D4F-9B2E-C11EE7A51AB9}.Release|Any CPU.ActiveCfg = Release|Any CPU
		{63FB893E-8EB9-4D4F-9B2E-C11EE7A51AB9}.Release|Any CPU.Build.0 = Release|Any CPU
		{1F322103-BBB0-46F4-85B0-B9C7A8545719}.Debug|Any CPU.ActiveCfg = Debug|Any CPU
		{1F322103-BBB0-46F4-85B0-B9C7A8545719}.Debug|Any CPU.Build.0 = Debug|Any CPU
		{1F322103-BBB0-46F4-85B0-B9C7A8545719}.Release|Any CPU.ActiveCfg = Release|Any CPU
		{1F322103-BBB0-46F4-85B0-B9C7A8545719}.Release|Any CPU.Build.0 = Release|Any CPU
		{FEFAD920-CCF8-4778-A6EA-18DF78EC7744}.Debug|Any CPU.ActiveCfg = Debug|Any CPU
		{FEFAD920-CCF8-4778-A6EA-18DF78EC7744}.Debug|Any CPU.Build.0 = Debug|Any CPU
		{FEFAD920-CCF8-4778-A6EA-18DF78EC7744}.Release|Any CPU.ActiveCfg = Release|Any CPU
		{FEFAD920-CCF8-4778-A6EA-18DF78EC7744}.Release|Any CPU.Build.0 = Release|Any CPU
		{73D7DB8D-0C9B-4B5F-AD56-2C91D349CE27}.Debug|Any CPU.ActiveCfg = Debug|Any CPU
		{73D7DB8D-0C9B-4B5F-AD56-2C91D349CE27}.Debug|Any CPU.Build.0 = Debug|Any CPU
		{73D7DB8D-0C9B-4B5F-AD56-2C91D349CE27}.Release|Any CPU.ActiveCfg = Release|Any CPU
		{73D7DB8D-0C9B-4B5F-AD56-2C91D349CE27}.Release|Any CPU.Build.0 = Release|Any CPU
		{D197713A-5660-4E54-9B82-FD646AC941BB}.Debug|Any CPU.ActiveCfg = Debug|Any CPU
		{D197713A-5660-4E54-9B82-FD646AC941BB}.Debug|Any CPU.Build.0 = Debug|Any CPU
		{D197713A-5660-4E54-9B82-FD646AC941BB}.Release|Any CPU.ActiveCfg = Release|Any CPU
		{D197713A-5660-4E54-9B82-FD646AC941BB}.Release|Any CPU.Build.0 = Release|Any CPU
	EndGlobalSection
	GlobalSection(SolutionProperties) = preSolution
		HideSolutionNode = FALSE
	EndGlobalSection
	GlobalSection(ExtensibilityGlobals) = postSolution
		SolutionGuid = {BE1DE608-7D48-4A85-A55D-84C066C06440}
	EndGlobalSection
EndGlobal
